// !$*UTF8*$!
{
	archiveVersion = 1;
	classes = {
	};
	objectVersion = 50;
	objects = {

/* Begin PBXBuildFile section */
		79C9B1F12419CB3800FFE125 /* AppDelegate.swift in Sources */ = {isa = PBXBuildFile; fileRef = 79C9B1F02419CB3800FFE125 /* AppDelegate.swift */; };
		79C9B1F32419CB3800FFE125 /* SceneDelegate.swift in Sources */ = {isa = PBXBuildFile; fileRef = 79C9B1F22419CB3800FFE125 /* SceneDelegate.swift */; };
		79C9B1F52419CB3800FFE125 /* ViewController.swift in Sources */ = {isa = PBXBuildFile; fileRef = 79C9B1F42419CB3800FFE125 /* ViewController.swift */; };
		79C9B1F82419CB3800FFE125 /* Main.storyboard in Resources */ = {isa = PBXBuildFile; fileRef = 79C9B1F62419CB3800FFE125 /* Main.storyboard */; };
		79C9B1FA2419CB3900FFE125 /* Assets.xcassets in Resources */ = {isa = PBXBuildFile; fileRef = 79C9B1F92419CB3900FFE125 /* Assets.xcassets */; };
		79C9B1FD2419CB3900FFE125 /* LaunchScreen.storyboard in Resources */ = {isa = PBXBuildFile; fileRef = 79C9B1FB2419CB3900FFE125 /* LaunchScreen.storyboard */; };
/* End PBXBuildFile section */

/* Begin PBXFileReference section */
		79C9B1ED2419CB3800FFE125 /* funfunfirstapp.app */ = {isa = PBXFileReference; explicitFileType = wrapper.application; includeInIndex = 0; path = funfunfirstapp.app; sourceTree = BUILT_PRODUCTS_DIR; };
		79C9B1F02419CB3800FFE125 /* AppDelegate.swift */ = {isa = PBXFileReference; lastKnownFileType = sourcecode.swift; path = AppDelegate.swift; sourceTree = "<group>"; };
		79C9B1F22419CB3800FFE125 /* SceneDelegate.swift */ = {isa = PBXFileReference; lastKnownFileType = sourcecode.swift; path = SceneDelegate.swift; sourceTree = "<group>"; };
		79C9B1F42419CB3800FFE125 /* ViewController.swift */ = {isa = PBXFileReference; lastKnownFileType = sourcecode.swift; path = ViewController.swift; sourceTree = "<group>"; };
		79C9B1F72419CB3800FFE125 /* Base */ = {isa = PBXFileReference; lastKnownFileType = file.storyboard; name = Base; path = Base.lproj/Main.storyboard; sourceTree = "<group>"; };
		79C9B1F92419CB3900FFE125 /* Assets.xcassets */ = {isa = PBXFileReference; lastKnownFileType = folder.assetcatalog; path = Assets.xcassets; sourceTree = "<group>"; };
		79C9B1FC2419CB3900FFE125 /* Base */ = {isa = PBXFileReference; lastKnownFileType = file.storyboard; name = Base; path = Base.lproj/LaunchScreen.storyboard; sourceTree = "<group>"; };
		79C9B1FE2419CB3900FFE125 /* Info.plist */ = {isa = PBXFileReference; lastKnownFileType = text.plist.xml; path = Info.plist; sourceTree = "<group>"; };
/* End PBXFileReference section */

/* Begin PBXFrameworksBuildPhase section */
		79C9B1EA2419CB3800FFE125 /* Frameworks */ = {
			isa = PBXFrameworksBuildPhase;
			buildActionMask = 2147483647;
			files = (
			);
			runOnlyForDeploymentPostprocessing = 0;
		};
/* End PBXFrameworksBuildPhase section */

/* Begin PBXGroup section */
		79C9B1E42419CB3800FFE125 = {
			isa = PBXGroup;
			children = (
				79C9B1EF2419CB3800FFE125 /* funfunfirstapp */,
				79C9B1EE2419CB3800FFE125 /* Products */,
			);
			sourceTree = "<group>";
		};
		79C9B1EE2419CB3800FFE125 /* Products */ = {
			isa = PBXGroup;
			children = (
				79C9B1ED2419CB3800FFE125 /* funfunfirstapp.app */,
			);
			name = Products;
			sourceTree = "<group>";
		};
		79C9B1EF2419CB3800FFE125 /* funfunfirstapp */ = {
			isa = PBXGroup;
			children = (
				79C9B1F02419CB3800FFE125 /* AppDelegate.swift */,
				79C9B1F22419CB3800FFE125 /* SceneDelegate.swift */,
				79C9B1F42419CB3800FFE125 /* ViewController.swift */,
				79C9B1F62419CB3800FFE125 /* Main.storyboard */,
				79C9B1F92419CB3900FFE125 /* Assets.xcassets */,
				79C9B1FB2419CB3900FFE125 /* LaunchScreen.storyboard */,
				79C9B1FE2419CB3900FFE125 /* Info.plist */,
			);
			path = funfunfirstapp;
			sourceTree = "<group>";
		};
/* End PBXGroup section */

/* Begin PBXNativeTarget section */
		79C9B1EC2419CB3800FFE125 /* funfunfirstapp */ = {
			isa = PBXNativeTarget;
			buildConfigurationList = 79C9B2012419CB3900FFE125 /* Build configuration list for PBXNativeTarget "funfunfirstapp" */;
			buildPhases = (
				79C9B1E92419CB3800FFE125 /* Sources */,
				79C9B1EA2419CB3800FFE125 /* Frameworks */,
				79C9B1EB2419CB3800FFE125 /* Resources */,
			);
			buildRules = (
			);
			dependencies = (
			);
			name = funfunfirstapp;
			productName = funfunfirstapp;
			productReference = 79C9B1ED2419CB3800FFE125 /* funfunfirstapp.app */;
			productType = "com.apple.product-type.application";
		};
/* End PBXNativeTarget section */

/* Begin PBXProject section */
		79C9B1E52419CB3800FFE125 /* Project object */ = {
			isa = PBXProject;
			attributes = {
				LastSwiftUpdateCheck = 1130;
				LastUpgradeCheck = 1130;
				ORGANIZATIONNAME = fun;
				TargetAttributes = {
					79C9B1EC2419CB3800FFE125 = {
						CreatedOnToolsVersion = 11.3.1;
					};
				};
			};
			buildConfigurationList = 79C9B1E82419CB3800FFE125 /* Build configuration list for PBXProject "funfunfirstapp" */;
			compatibilityVersion = "Xcode 9.3";
			developmentRegion = en;
			hasScannedForEncodings = 0;
			knownRegions = (
				en,
				Base,
			);
			mainGroup = 79C9B1E42419CB3800FFE125;
			productRefGroup = 79C9B1EE2419CB3800FFE125 /* Products */;
			projectDirPath = "";
			projectRoot = "";
			targets = (
				79C9B1EC2419CB3800FFE125 /* funfunfirstapp */,
			);
		};
/* End PBXProject section */

/* Begin PBXResourcesBuildPhase section */
		79C9B1EB2419CB3800FFE125 /* Resources */ = {
			isa = PBXResourcesBuildPhase;
			buildActionMask = 2147483647;
			files = (
				79C9B1FD2419CB3900FFE125 /* LaunchScreen.storyboard in Resources */,
				79C9B1FA2419CB3900FFE125 /* Assets.xcassets in Resources */,
				79C9B1F82419CB3800FFE125 /* Main.storyboard in Resources */,
			);
			runOnlyForDeploymentPostprocessing = 0;
		};
/* End PBXResourcesBuildPhase section */

/* Begin PBXSourcesBuildPhase section */
		79C9B1E92419CB3800FFE125 /* Sources */ = {
			isa = PBXSourcesBuildPhase;
			buildActionMask = 2147483647;
			files = (
				79C9B1F52419CB3800FFE125 /* ViewController.swift in Sources */,
				79C9B1F12419CB3800FFE125 /* AppDelegate.swift in Sources */,
				79C9B1F32419CB3800FFE125 /* SceneDelegate.swift in Sources */,
			);
			runOnlyForDeploymentPostprocessing = 0;
		};
/* End PBXSourcesBuildPhase section */

/* Begin PBXVariantGroup section */
		79C9B1F62419CB3800FFE125 /* Main.storyboard */ = {
			isa = PBXVariantGroup;
			children = (
				79C9B1F72419CB3800FFE125 /* Base */,
			);
			name = Main.storyboard;
			sourceTree = "<group>";
		};
		79C9B1FB2419CB3900FFE125 /* LaunchScreen.storyboard */ = {
			isa = PBXVariantGroup;
			children = (
				79C9B1FC2419CB3900FFE125 /* Base */,
			);
			name = LaunchScreen.storyboard;
			sourceTree = "<group>";
		};
/* End PBXVariantGroup section */

/* Begin XCBuildConfiguration section */
		79C9B1FF2419CB3900FFE125 /* Debug */ = {
			isa = XCBuildConfiguration;
			buildSettings = {
				ALWAYS_SEARCH_USER_PATHS = NO;
				CLANG_ANALYZER_NONNULL = YES;
				CLANG_ANALYZER_NUMBER_OBJECT_CONVERSION = YES_AGGRESSIVE;
				CLANG_CXX_LANGUAGE_STANDARD = "gnu++14";
				CLANG_CXX_LIBRARY = "libc++";
				CLANG_ENABLE_MODULES = YES;
				CLANG_ENABLE_OBJC_ARC = YES;
				CLANG_ENABLE_OBJC_WEAK = YES;
				CLANG_WARN_BLOCK_CAPTURE_AUTORELEASING = YES;
				CLANG_WARN_BOOL_CONVERSION = YES;
				CLANG_WARN_COMMA = YES;
				CLANG_WARN_CONSTANT_CONVERSION = YES;
				CLANG_WARN_DEPRECATED_OBJC_IMPLEMENTATIONS = YES;
				CLANG_WARN_DIRECT_OBJC_ISA_USAGE = YES_ERROR;
				CLANG_WARN_DOCUMENTATION_COMMENTS = YES;
				CLANG_WARN_EMPTY_BODY = YES;
				CLANG_WARN_ENUM_CONVERSION = YES;
				CLANG_WARN_INFINITE_RECURSION = YES;
				CLANG_WARN_INT_CONVERSION = YES;
				CLANG_WARN_NON_LITERAL_NULL_CONVERSION = YES;
				CLANG_WARN_OBJC_IMPLICIT_RETAIN_SELF = YES;
				CLANG_WARN_OBJC_LITERAL_CONVERSION = YES;
				CLANG_WARN_OBJC_ROOT_CLASS = YES_ERROR;
				CLANG_WARN_RANGE_LOOP_ANALYSIS = YES;
				CLANG_WARN_STRICT_PROTOTYPES = YES;
				CLANG_WARN_SUSPICIOUS_MOVE = YES;
				CLANG_WARN_UNGUARDED_AVAILABILITY = YES_AGGRESSIVE;
				CLANG_WARN_UNREACHABLE_CODE = YES;
				CLANG_WARN__DUPLICATE_METHOD_MATCH = YES;
				COPY_PHASE_STRIP = NO;
				DEBUG_INFORMATION_FORMAT = dwarf;
				ENABLE_STRICT_OBJC_MSGSEND = YES;
				ENABLE_TESTABILITY = YES;
				GCC_C_LANGUAGE_STANDARD = gnu11;
				GCC_DYNAMIC_NO_PIC = NO;
				GCC_NO_COMMON_BLOCKS = YES;
				GCC_OPTIMIZATION_LEVEL = 0;
				GCC_PREPROCESSOR_DEFINITIONS = (
					"DEBUG=1",
					"$(inherited)",
				);
				GCC_WARN_64_TO_32_BIT_CONVERSION = YES;
				GCC_WARN_ABOUT_RETURN_TYPE = YES_ERROR;
				GCC_WARN_UNDECLARED_SELECTOR = YES;
				GCC_WARN_UNINITIALIZED_AUTOS = YES_AGGRESSIVE;
				GCC_WARN_UNUSED_FUNCTION = YES;
				GCC_WARN_UNUSED_VARIABLE = YES;
				IPHONEOS_DEPLOYMENT_TARGET = 13.2;
				MTL_ENABLE_DEBUG_INFO = INCLUDE_SOURCE;
				MTL_FAST_MATH = YES;
				ONLY_ACTIVE_ARCH = YES;
				SDKROOT = iphoneos;
				SWIFT_ACTIVE_COMPILATION_CONDITIONS = DEBUG;
				SWIFT_OPTIMIZATION_LEVEL = "-Onone";
			};
			name = Debug;
		};
		79C9B2002419CB3900FFE125 /* Release */ = {
			isa = XCBuildConfiguration;
			buildSettings = {
				ALWAYS_SEARCH_USER_PATHS = NO;
				CLANG_ANALYZER_NONNULL = YES;
				CLANG_ANALYZER_NUMBER_OBJECT_CONVERSION = YES_AGGRESSIVE;
				CLANG_CXX_LANGUAGE_STANDARD = "gnu++14";
				CLANG_CXX_LIBRARY = "libc++";
				CLANG_ENABLE_MODULES = YES;
				CLANG_ENABLE_OBJC_ARC = YES;
				CLANG_ENABLE_OBJC_WEAK = YES;
				CLANG_WARN_BLOCK_CAPTURE_AUTORELEASING = YES;
				CLANG_WARN_BOOL_CONVERSION = YES;
				CLANG_WARN_COMMA = YES;
				CLANG_WARN_CONSTANT_CONVERSION = YES;
				CLANG_WARN_DEPRECATED_OBJC_IMPLEMENTATIONS = YES;
				CLANG_WARN_DIRECT_OBJC_ISA_USAGE = YES_ERROR;
				CLANG_WARN_DOCUMENTATION_COMMENTS = YES;
				CLANG_WARN_EMPTY_BODY = YES;
				CLANG_WARN_ENUM_CONVERSION = YES;
				CLANG_WARN_INFINITE_RECURSION = YES;
				CLANG_WARN_INT_CONVERSION = YES;
				CLANG_WARN_NON_LITERAL_NULL_CONVERSION = YES;
				CLANG_WARN_OBJC_IMPLICIT_RETAIN_SELF = YES;
				CLANG_WARN_OBJC_LITERAL_CONVERSION = YES;
				CLANG_WARN_OBJC_ROOT_CLASS = YES_ERROR;
				CLANG_WARN_RANGE_LOOP_ANALYSIS = YES;
				CLANG_WARN_STRICT_PROTOTYPES = YES;
				CLANG_WARN_SUSPICIOUS_MOVE = YES;
				CLANG_WARN_UNGUARDED_AVAILABILITY = YES_AGGRESSIVE;
				CLANG_WARN_UNREACHABLE_CODE = YES;
				CLANG_WARN__DUPLICATE_METHOD_MATCH = YES;
				COPY_PHASE_STRIP = NO;
				DEBUG_INFORMATION_FORMAT = "dwarf-with-dsym";
				ENABLE_NS_ASSERTIONS = NO;
				ENABLE_STRICT_OBJC_MSGSEND = YES;
				GCC_C_LANGUAGE_STANDARD = gnu11;
				GCC_NO_COMMON_BLOCKS = YES;
				GCC_WARN_64_TO_32_BIT_CONVERSION = YES;
				GCC_WARN_ABOUT_RETURN_TYPE = YES_ERROR;
				GCC_WARN_UNDECLARED_SELECTOR = YES;
				GCC_WARN_UNINITIALIZED_AUTOS = YES_AGGRESSIVE;
				GCC_WARN_UNUSED_FUNCTION = YES;
				GCC_WARN_UNUSED_VARIABLE = YES;
				IPHONEOS_DEPLOYMENT_TARGET = 13.2;
				MTL_ENABLE_DEBUG_INFO = NO;
				MTL_FAST_MATH = YES;
				SDKROOT = iphoneos;
				SWIFT_COMPILATION_MODE = wholemodule;
				SWIFT_OPTIMIZATION_LEVEL = "-O";
				VALIDATE_PRODUCT = YES;
			};
			name = Release;
		};
		79C9B2022419CB3900FFE125 /* Debug */ = {
			isa = XCBuildConfiguration;
			buildSettings = {
				ASSETCATALOG_COMPILER_APPICON_NAME = AppIcon;
				CODE_SIGN_STYLE = Automatic;
				INFOPLIST_FILE = funfunfirstapp/Info.plist;
				LD_RUNPATH_SEARCH_PATHS = (
					"$(inherited)",
					"@executable_path/Frameworks",
				);
				PRODUCT_BUNDLE_IDENTIFIER = com.funfun45.funfunfirstapp;
				PRODUCT_NAME = "$(TARGET_NAME)";
				SWIFT_VERSION = 5.0;
				TARGETED_DEVICE_FAMILY = "1,2";
			};
			name = Debug;
		};
		79C9B2032419CB3900FFE125 /* Release */ = {
			isa = XCBuildConfiguration;
			buildSettings = {
				ASSETCATALOG_COMPILER_APPICON_NAME = AppIcon;
				CODE_SIGN_STYLE = Automatic;
				INFOPLIST_FILE = funfunfirstapp/Info.plist;
				LD_RUNPATH_SEARCH_PATHS = (
					"$(inherited)",
					"@executable_path/Frameworks",
				);
				PRODUCT_BUNDLE_IDENTIFIER = com.funfun45.funfunfirstapp;
				PRODUCT_NAME = "$(TARGET_NAME)";
				SWIFT_VERSION = 5.0;
				TARGETED_DEVICE_FAMILY = "1,2";
			};
			name = Release;
		};
/* End XCBuildConfiguration section */

/* Begin XCConfigurationList section */
		79C9B1E82419CB3800FFE125 /* Build configuration list for PBXProject "funfunfirstapp" */ = {
			isa = XCConfigurationList;
			buildConfigurations = (
				79C9B1FF2419CB3900FFE125 /* Debug */,
				79C9B2002419CB3900FFE125 /* Release */,
			);
			defaultConfigurationIsVisible = 0;
			defaultConfigurationName = Release;
		};
		79C9B2012419CB3900FFE125 /* Build configuration list for PBXNativeTarget "funfunfirstapp" */ = {
			isa = XCConfigurationList;
			buildConfigurations = (
				79C9B2022419CB3900FFE125 /* Debug */,
				79C9B2032419CB3900FFE125 /* Release */,
			);
			defaultConfigurationIsVisible = 0;
			defaultConfigurationName = Release;
		};
/* End XCConfigurationList section */
	};
	rootObject = 79C9B1E52419CB3800FFE125 /* Project object */;
}
